
Microsoft Visual Studio Solution File, Format Version 12.00
# Visual Studio Version 16
VisualStudioVersion = 16.0.31005.135
MinimumVisualStudioVersion = 10.0.40219.1
Project("{FAE04EC0-301F-11D3-BF4B-00C04F79EFBC}") = "MonopolyLogic", "MonopolyLogic\MonopolyLogic.csproj", "{CCA59267-9148-498A-AA2D-ED91003CC808}"
EndProject
Project("{FAE04EC0-301F-11D3-BF4B-00C04F79EFBC}") = "MonopolyLogicTest", "MonopolyLogicTest\MonopolyLogicTest.csproj", "{8DCFE264-921E-43E3-8775-FCEAA56F0024}"
EndProject
Global
	GlobalSection(SolutionConfigurationPlatforms) = preSolution
		Debug|Any CPU = Debug|Any CPU
		Release|Any CPU = Release|Any CPU
	EndGlobalSection
	GlobalSection(ProjectConfigurationPlatforms) = postSolution
		{CCA59267-9148-498A-AA2D-ED91003CC808}.Debug|Any CPU.ActiveCfg = Debug|Any CPU
		{CCA59267-9148-498A-AA2D-ED91003CC808}.Debug|Any CPU.Build.0 = Debug|Any CPU
		{CCA59267-9148-498A-AA2D-ED91003CC808}.Release|Any CPU.ActiveCfg = Release|Any CPU
		{CCA59267-9148-498A-AA2D-ED91003CC808}.Release|Any CPU.Build.0 = Release|Any CPU
		{8DCFE264-921E-43E3-8775-FCEAA56F0024}.Debug|Any CPU.ActiveCfg = Debug|Any CPU
		{8DCFE264-921E-43E3-8775-FCEAA56F0024}.Debug|Any CPU.Build.0 = Debug|Any CPU
		{8DCFE264-921E-43E3-8775-FCEAA56F0024}.Release|Any CPU.ActiveCfg = Release|Any CPU
		{8DCFE264-921E-43E3-8775-FCEAA56F0024}.Release|Any CPU.Build.0 = Release|Any CPU
	EndGlobalSection
	GlobalSection(SolutionProperties) = preSolution
		HideSolutionNode = FALSE
	EndGlobalSection
	GlobalSection(ExtensibilityGlobals) = postSolution
		SolutionGuid = {BA8DE15E-4D2E-4F84-B198-A45433DFD70F}
	EndGlobalSection
EndGlobal
